
Microsoft Visual Studio Solution File, Format Version 12.00
# Visual Studio Version 16
VisualStudioVersion = 25.0.1706.12
MinimumVisualStudioVersion = 10.0.40219.1
Project("{FAE04EC0-301F-11D3-BF4B-00C04F79EFBC}") = "PhysHelper", "PhysHelper.csproj", "{86D5A4CF-B54A-4EEC-9EA9-2BE01DD824FC}"
EndProject
Project("{FAE04EC0-301F-11D3-BF4B-00C04F79EFBC}") = "PhysHelper.Tests", "..\PhysHelper.Tests\PhysHelper.Tests.csproj", "{495F4D8F-AA18-461A-9C9E-40CD50ADB726}"
EndProject
Global
	GlobalSection(SolutionConfigurationPlatforms) = preSolution
		Debug|Any CPU = Debug|Any CPU
		Release|Any CPU = Release|Any CPU
	EndGlobalSection
	GlobalSection(ProjectConfigurationPlatforms) = postSolution
		{86D5A4CF-B54A-4EEC-9EA9-2BE01DD824FC}.Debug|Any CPU.ActiveCfg = Debug|Any CPU
		{86D5A4CF-B54A-4EEC-9EA9-2BE01DD824FC}.Debug|Any CPU.Build.0 = Debug|Any CPU
		{86D5A4CF-B54A-4EEC-9EA9-2BE01DD824FC}.Release|Any CPU.ActiveCfg = Release|Any CPU
		{86D5A4CF-B54A-4EEC-9EA9-2BE01DD824FC}.Release|Any CPU.Build.0 = Release|Any CPU
		{495F4D8F-AA18-461A-9C9E-40CD50ADB726}.Debug|Any CPU.ActiveCfg = Debug|Any CPU
		{495F4D8F-AA18-461A-9C9E-40CD50ADB726}.Debug|Any CPU.Build.0 = Debug|Any CPU
		{495F4D8F-AA18-461A-9C9E-40CD50ADB726}.Release|Any CPU.ActiveCfg = Release|Any CPU
		{495F4D8F-AA18-461A-9C9E-40CD50ADB726}.Release|Any CPU.Build.0 = Release|Any CPU
		{C36E0622-47A0-4358-881D-C028AA0F97FF}.Debug|Any CPU.ActiveCfg = Debug|Any CPU
		{C36E0622-47A0-4358-881D-C028AA0F97FF}.Debug|Any CPU.Build.0 = Debug|Any CPU
		{C36E0622-47A0-4358-881D-C028AA0F97FF}.Release|Any CPU.ActiveCfg = Release|Any CPU
		{C36E0622-47A0-4358-881D-C028AA0F97FF}.Release|Any CPU.Build.0 = Release|Any CPU
	EndGlobalSection
	GlobalSection(SolutionProperties) = preSolution
		HideSolutionNode = FALSE
	EndGlobalSection
	GlobalSection(ExtensibilityGlobals) = postSolution
		SolutionGuid = {B4357CB4-71D7-4C91-A43A-CA8AE667559C}
	EndGlobalSection
EndGlobal
